// !$*UTF8*$!
{
	archiveVersion = 1;
	classes = {
	};
	objectVersion = 50;
	objects = {

/* Begin PBXBuildFile section */
		590BE61C2500C6A500E9B573 /* MathUtils.swift in Sources */ = {isa = PBXBuildFile; fileRef = 590BE61B2500C6A500E9B573 /* MathUtils.swift */; };
		590D1E6A2513E5F900B0C04A /* Simplest3D.metal in Sources */ = {isa = PBXBuildFile; fileRef = 590D1E692513E5F900B0C04A /* Simplest3D.metal */; };
		591226B924B3CDD600AF7663 /* MetalView.swift in Sources */ = {isa = PBXBuildFile; fileRef = 591226B824B3CDD600AF7663 /* MetalView.swift */; };
		591226BC24B40BF800AF7663 /* 05Algorithmic.metal in Sources */ = {isa = PBXBuildFile; fileRef = 591226BB24B40BF800AF7663 /* 05Algorithmic.metal */; };
		5920719925106CBC006E579F /* Girih.swift in Sources */ = {isa = PBXBuildFile; fileRef = 5920719825106CBC006E579F /* Girih.swift */; };
		592B960B251AD71000549407 /* ConfigView.swift in Sources */ = {isa = PBXBuildFile; fileRef = 592B960A251AD71000549407 /* ConfigView.swift */; };
		592B960D251AD74C00549407 /* MetalSwiftUIView.swift in Sources */ = {isa = PBXBuildFile; fileRef = 592B960C251AD74C00549407 /* MetalSwiftUIView.swift */; };
		592D5F6F24C1004A00EE9C7D /* ShaderToyStarField.metal in Sources */ = {isa = PBXBuildFile; fileRef = 592D5F6E24C1004A00EE9C7D /* ShaderToyStarField.metal */; };
		592E5AB625A17E0B00660D83 /* 08LeftRightTiler.metal in Sources */ = {isa = PBXBuildFile; fileRef = 592E5AB525A17E0B00660D83 /* 08LeftRightTiler.metal */; };
		5933FB12256F5B6D002D854A /* HappyJumping.metal in Sources */ = {isa = PBXBuildFile; fileRef = 5933FB11256F5B6D002D854A /* HappyJumping.metal */; };
		593725812A65C9B100E4BBD6 /* 07Shapes.metal in Sources */ = {isa = PBXBuildFile; fileRef = 593725802A65C9B100E4BBD6 /* 07Shapes.metal */; };
		593725832A65CA2200E4BBD6 /* BoSShapes.swift in Sources */ = {isa = PBXBuildFile; fileRef = 593725822A65CA2200E4BBD6 /* BoSShapes.swift */; };
		5941236C24D79E2A0027B0DC /* Girih.metal in Sources */ = {isa = PBXBuildFile; fileRef = 5941236B24D79E2A0027B0DC /* Girih.metal */; };
		594651E0251B198E009947C2 /* Starfield.swift in Sources */ = {isa = PBXBuildFile; fileRef = 594651DF251B198E009947C2 /* Starfield.swift */; };
		595FBBE224708BEE00222613 /* CellularNoise.metal in Sources */ = {isa = PBXBuildFile; fileRef = 595FBBE124708BEE00222613 /* CellularNoise.metal */; };
		5973D1A024BA9CE5006AFC50 /* 07ShapePrimitives.metal in Sources */ = {isa = PBXBuildFile; fileRef = 5973D19F24BA9CE5006AFC50 /* 07ShapePrimitives.metal */; };
		597743E624B82CC500AAB07C /* 06Colors.metal in Sources */ = {isa = PBXBuildFile; fileRef = 597743E524B82CC500AAB07C /* 06Colors.metal */; };
		599B22A12504778C007EB419 /* RaysConfig.swift in Sources */ = {isa = PBXBuildFile; fileRef = 599B22A02504778C007EB419 /* RaysConfig.swift */; };
		599B8E4824BE71E100769E7A /* ShaderToySmiley.metal in Sources */ = {isa = PBXBuildFile; fileRef = 599B8E4724BE71E100769E7A /* ShaderToySmiley.metal */; };
		59A3125E2517EFFF00F6ACA2 /* TitledSlider.swift in Sources */ = {isa = PBXBuildFile; fileRef = 59A3125D2517EFFF00F6ACA2 /* TitledSlider.swift */; };
		59A312632517F48900F6ACA2 /* RootView.swift in Sources */ = {isa = PBXBuildFile; fileRef = 59A312622517F48900F6ACA2 /* RootView.swift */; };
		59A312652517F72E00F6ACA2 /* ViewModel.swift in Sources */ = {isa = PBXBuildFile; fileRef = 59A312642517F72E00F6ACA2 /* ViewModel.swift */; };
		59AB61052C88E50F00024300 /* wallpaper.png in Resources */ = {isa = PBXBuildFile; fileRef = 59AB61042C88E50F00024300 /* wallpaper.png */; };
		59AB61092C890C4A00024300 /* R.png in Resources */ = {isa = PBXBuildFile; fileRef = 59AB61082C890C4A00024300 /* R.png */; };
		59AB6DD62A7218CC00A76D73 /* AudioViz.swift in Sources */ = {isa = PBXBuildFile; fileRef = 59AB6DD52A7218CC00A76D73 /* AudioViz.swift */; };
		59AB6DD82A7219BD00A76D73 /* AudioViz.metal in Sources */ = {isa = PBXBuildFile; fileRef = 59AB6DD72A7219BD00A76D73 /* AudioViz.metal */; };
		59B25E4E2A1D581400F1AF4A /* raga.mp3 in Resources */ = {isa = PBXBuildFile; fileRef = 59B25E4D2A1D581400F1AF4A /* raga.mp3 */; };
		59C2BD25246A709D00335E59 /* MetalPlaygroundApp.swift in Sources */ = {isa = PBXBuildFile; fileRef = 59C2BD24246A709D00335E59 /* MetalPlaygroundApp.swift */; };
		59C2BD29246A709F00335E59 /* Assets.xcassets in Resources */ = {isa = PBXBuildFile; fileRef = 59C2BD28246A709F00335E59 /* Assets.xcassets */; };
		59C2BD2C246A709F00335E59 /* Main.storyboard in Resources */ = {isa = PBXBuildFile; fileRef = 59C2BD2A246A709F00335E59 /* Main.storyboard */; };
		59C2BD37246A7C2600335E59 /* Renderer.swift in Sources */ = {isa = PBXBuildFile; fileRef = 59C2BD36246A7C2500335E59 /* Renderer.swift */; };
		59CF2B0C24D7CE0C00606BB2 /* ShaderToyDistortions.metal in Sources */ = {isa = PBXBuildFile; fileRef = 59CF2B0B24D7CE0C00606BB2 /* ShaderToyDistortions.metal */; };
		59CF2B1824DA738D00606BB2 /* PolarExperiments.metal in Sources */ = {isa = PBXBuildFile; fileRef = 59CF2B1724DA738D00606BB2 /* PolarExperiments.metal */; };
		59D4E0A5259E46D100B9BF52 /* 07FuturisticUI.metal in Sources */ = {isa = PBXBuildFile; fileRef = 59D4E0A4259E46D100B9BF52 /* 07FuturisticUI.metal */; };
		59E11CAB24CEAF2700DC1FA7 /* Playground.swift in Sources */ = {isa = PBXBuildFile; fileRef = 59E11CAA24CEAF2700DC1FA7 /* Playground.swift */; };
		59E2A6052A5CB96500216350 /* Shaping.metal in Sources */ = {isa = PBXBuildFile; fileRef = 59E2A6042A5CB96500216350 /* Shaping.metal */; };
		59E5BC6625AAA2A30061154A /* JumpingBalls.metal in Sources */ = {isa = PBXBuildFile; fileRef = 59E5BC6525AAA2A30061154A /* JumpingBalls.metal */; };
		59E5BC6825AAA9220061154A /* JumpingBalls.swift in Sources */ = {isa = PBXBuildFile; fileRef = 59E5BC6725AAA9220061154A /* JumpingBalls.swift */; };
		59E5BC6C25AAC92E0061154A /* Helpers.metal in Sources */ = {isa = PBXBuildFile; fileRef = 59E5BC6925AAC6B50061154A /* Helpers.metal */; };
/* End PBXBuildFile section */

/* Begin PBXCopyFilesBuildPhase section */
		59EA0D68246E37F9008FD867 /* Embed Frameworks */ = {
			isa = PBXCopyFilesBuildPhase;
			buildActionMask = 2147483647;
			dstPath = "";
			dstSubfolderSpec = 10;
			files = (
			);
			name = "Embed Frameworks";
			runOnlyForDeploymentPostprocessing = 0;
		};
/* End PBXCopyFilesBuildPhase section */

/* Begin PBXFileReference section */
		590BE61B2500C6A500E9B573 /* MathUtils.swift */ = {isa = PBXFileReference; fileEncoding = 4; lastKnownFileType = sourcecode.swift; path = MathUtils.swift; sourceTree = "<group>"; };
		590D1E692513E5F900B0C04A /* Simplest3D.metal */ = {isa = PBXFileReference; lastKnownFileType = sourcecode.metal; path = Simplest3D.metal; sourceTree = "<group>"; };
		591226B824B3CDD600AF7663 /* MetalView.swift */ = {isa = PBXFileReference; lastKnownFileType = sourcecode.swift; path = MetalView.swift; sourceTree = "<group>"; };
		591226BB24B40BF800AF7663 /* 05Algorithmic.metal */ = {isa = PBXFileReference; lastKnownFileType = sourcecode.metal; path = 05Algorithmic.metal; sourceTree = "<group>"; };
		5920719825106CBC006E579F /* Girih.swift */ = {isa = PBXFileReference; lastKnownFileType = sourcecode.swift; path = Girih.swift; sourceTree = "<group>"; };
		592B960A251AD71000549407 /* ConfigView.swift */ = {isa = PBXFileReference; lastKnownFileType = sourcecode.swift; path = ConfigView.swift; sourceTree = "<group>"; };
		592B960C251AD74C00549407 /* MetalSwiftUIView.swift */ = {isa = PBXFileReference; lastKnownFileType = sourcecode.swift; path = MetalSwiftUIView.swift; sourceTree = "<group>"; };
		592D5F6E24C1004A00EE9C7D /* ShaderToyStarField.metal */ = {isa = PBXFileReference; lastKnownFileType = sourcecode.metal; path = ShaderToyStarField.metal; sourceTree = "<group>"; };
		592E5AB525A17E0B00660D83 /* 08LeftRightTiler.metal */ = {isa = PBXFileReference; lastKnownFileType = sourcecode.metal; path = 08LeftRightTiler.metal; sourceTree = "<group>"; };
		5933FB11256F5B6D002D854A /* HappyJumping.metal */ = {isa = PBXFileReference; lastKnownFileType = sourcecode.metal; path = HappyJumping.metal; sourceTree = "<group>"; };
		593725802A65C9B100E4BBD6 /* 07Shapes.metal */ = {isa = PBXFileReference; lastKnownFileType = sourcecode.metal; path = 07Shapes.metal; sourceTree = "<group>"; };
		593725822A65CA2200E4BBD6 /* BoSShapes.swift */ = {isa = PBXFileReference; lastKnownFileType = sourcecode.swift; path = BoSShapes.swift; sourceTree = "<group>"; };
		5941236B24D79E2A0027B0DC /* Girih.metal */ = {isa = PBXFileReference; lastKnownFileType = sourcecode.metal; path = Girih.metal; sourceTree = "<group>"; };
		594651DF251B198E009947C2 /* Starfield.swift */ = {isa = PBXFileReference; lastKnownFileType = sourcecode.swift; path = Starfield.swift; sourceTree = "<group>"; };
		595FBBE124708BEE00222613 /* CellularNoise.metal */ = {isa = PBXFileReference; lastKnownFileType = sourcecode.metal; path = CellularNoise.metal; sourceTree = "<group>"; };
		5973D19E24BA9A55006AFC50 /* MetalHeaders.h */ = {isa = PBXFileReference; lastKnownFileType = sourcecode.c.h; path = MetalHeaders.h; sourceTree = "<group>"; };
		5973D19F24BA9CE5006AFC50 /* 07ShapePrimitives.metal */ = {isa = PBXFileReference; lastKnownFileType = sourcecode.metal; path = 07ShapePrimitives.metal; sourceTree = "<group>"; };
		597743E524B82CC500AAB07C /* 06Colors.metal */ = {isa = PBXFileReference; lastKnownFileType = sourcecode.metal; path = 06Colors.metal; sourceTree = "<group>"; };
		599B22A02504778C007EB419 /* RaysConfig.swift */ = {isa = PBXFileReference; lastKnownFileType = sourcecode.swift; path = RaysConfig.swift; sourceTree = "<group>"; };
		599B8E4724BE71E100769E7A /* ShaderToySmiley.metal */ = {isa = PBXFileReference; lastKnownFileType = sourcecode.metal; path = ShaderToySmiley.metal; sourceTree = "<group>"; };
		59A3125D2517EFFF00F6ACA2 /* TitledSlider.swift */ = {isa = PBXFileReference; lastKnownFileType = sourcecode.swift; path = TitledSlider.swift; sourceTree = "<group>"; };
		59A312622517F48900F6ACA2 /* RootView.swift */ = {isa = PBXFileReference; lastKnownFileType = sourcecode.swift; path = RootView.swift; sourceTree = "<group>"; };
		59A312642517F72E00F6ACA2 /* ViewModel.swift */ = {isa = PBXFileReference; lastKnownFileType = sourcecode.swift; path = ViewModel.swift; sourceTree = "<group>"; };
		59AB61042C88E50F00024300 /* wallpaper.png */ = {isa = PBXFileReference; lastKnownFileType = image.png; path = wallpaper.png; sourceTree = "<group>"; };
		59AB61082C890C4A00024300 /* R.png */ = {isa = PBXFileReference; lastKnownFileType = image.png; path = R.png; sourceTree = "<group>"; };
		59AB6DD52A7218CC00A76D73 /* AudioViz.swift */ = {isa = PBXFileReference; lastKnownFileType = sourcecode.swift; path = AudioViz.swift; sourceTree = "<group>"; };
		59AB6DD72A7219BD00A76D73 /* AudioViz.metal */ = {isa = PBXFileReference; lastKnownFileType = sourcecode.metal; path = AudioViz.metal; sourceTree = "<group>"; };
		59B25E4D2A1D581400F1AF4A /* raga.mp3 */ = {isa = PBXFileReference; lastKnownFileType = audio.mp3; path = raga.mp3; sourceTree = "<group>"; };
		59C2BD21246A709D00335E59 /* MetalPlayground.app */ = {isa = PBXFileReference; explicitFileType = wrapper.application; includeInIndex = 0; path = MetalPlayground.app; sourceTree = BUILT_PRODUCTS_DIR; };
		59C2BD24246A709D00335E59 /* MetalPlaygroundApp.swift */ = {isa = PBXFileReference; lastKnownFileType = sourcecode.swift; path = MetalPlaygroundApp.swift; sourceTree = "<group>"; };
		59C2BD28246A709F00335E59 /* Assets.xcassets */ = {isa = PBXFileReference; lastKnownFileType = folder.assetcatalog; path = Assets.xcassets; sourceTree = "<group>"; };
		59C2BD2B246A709F00335E59 /* Base */ = {isa = PBXFileReference; lastKnownFileType = file.storyboard; name = Base; path = Base.lproj/Main.storyboard; sourceTree = "<group>"; };
		59C2BD2D246A709F00335E59 /* Info.plist */ = {isa = PBXFileReference; lastKnownFileType = text.plist.xml; path = Info.plist; sourceTree = "<group>"; };
		59C2BD2E246A709F00335E59 /* MetalPlayground.entitlements */ = {isa = PBXFileReference; lastKnownFileType = text.plist.entitlements; path = MetalPlayground.entitlements; sourceTree = "<group>"; };
		59C2BD36246A7C2500335E59 /* Renderer.swift */ = {isa = PBXFileReference; lastKnownFileType = sourcecode.swift; path = Renderer.swift; sourceTree = "<group>"; };
		59CF2B0B24D7CE0C00606BB2 /* ShaderToyDistortions.metal */ = {isa = PBXFileReference; lastKnownFileType = sourcecode.metal; path = ShaderToyDistortions.metal; sourceTree = "<group>"; };
		59CF2B1724DA738D00606BB2 /* PolarExperiments.metal */ = {isa = PBXFileReference; lastKnownFileType = sourcecode.metal; path = PolarExperiments.metal; sourceTree = "<group>"; };
		59D4E0A4259E46D100B9BF52 /* 07FuturisticUI.metal */ = {isa = PBXFileReference; lastKnownFileType = sourcecode.metal; path = 07FuturisticUI.metal; sourceTree = "<group>"; };
		59E11CAA24CEAF2700DC1FA7 /* Playground.swift */ = {isa = PBXFileReference; lastKnownFileType = sourcecode.swift; path = Playground.swift; sourceTree = "<group>"; };
		59E2A6042A5CB96500216350 /* Shaping.metal */ = {isa = PBXFileReference; lastKnownFileType = sourcecode.metal; path = Shaping.metal; sourceTree = "<group>"; };
		59E5BC6525AAA2A30061154A /* JumpingBalls.metal */ = {isa = PBXFileReference; lastKnownFileType = sourcecode.metal; path = JumpingBalls.metal; sourceTree = "<group>"; };
		59E5BC6725AAA9220061154A /* JumpingBalls.swift */ = {isa = PBXFileReference; lastKnownFileType = sourcecode.swift; path = JumpingBalls.swift; sourceTree = "<group>"; };
		59E5BC6925AAC6B50061154A /* Helpers.metal */ = {isa = PBXFileReference; lastKnownFileType = sourcecode.metal; path = Helpers.metal; sourceTree = "<group>"; };
		59E5BC6B25AAC8E00061154A /* ShaderHeaders.h */ = {isa = PBXFileReference; lastKnownFileType = sourcecode.c.h; path = ShaderHeaders.h; sourceTree = "<group>"; };
/* End PBXFileReference section */

/* Begin PBXFrameworksBuildPhase section */
		59C2BD1E246A709D00335E59 /* Frameworks */ = {
			isa = PBXFrameworksBuildPhase;
			buildActionMask = 2147483647;
			files = (
			);
			runOnlyForDeploymentPostprocessing = 0;
		};
/* End PBXFrameworksBuildPhase section */

/* Begin PBXGroup section */
		590BE6152500C4C200E9B573 /* Scenes */ = {
			isa = PBXGroup;
			children = (
				59E5BC6925AAC6B50061154A /* Helpers.metal */,
				59E5BC6B25AAC8E00061154A /* ShaderHeaders.h */,
				5973D19E24BA9A55006AFC50 /* MetalHeaders.h */,
				59E5BC6425AAA2940061154A /* JumpingBalls */,
				59E11CAA24CEAF2700DC1FA7 /* Playground.swift */,
				5941236A24D79E1B0027B0DC /* Explorations */,
				591226BA24B40BDA00AF7663 /* BookShaders */,
			);
			path = Scenes;
			sourceTree = "<group>";
		};
		591226BA24B40BDA00AF7663 /* BookShaders */ = {
			isa = PBXGroup;
			children = (
				593725822A65CA2200E4BBD6 /* BoSShapes.swift */,
				5973D19F24BA9CE5006AFC50 /* 07ShapePrimitives.metal */,
				597743E524B82CC500AAB07C /* 06Colors.metal */,
				593725802A65C9B100E4BBD6 /* 07Shapes.metal */,
				592E5AB525A17E0B00660D83 /* 08LeftRightTiler.metal */,
				59E2A6042A5CB96500216350 /* Shaping.metal */,
			);
			path = BookShaders;
			sourceTree = "<group>";
		};
		592B960E251AD81D00549407 /* Rendering */ = {
			isa = PBXGroup;
			children = (
				59C2BD36246A7C2500335E59 /* Renderer.swift */,
				591226B824B3CDD600AF7663 /* MetalView.swift */,
				590BE61B2500C6A500E9B573 /* MathUtils.swift */,
			);
			path = Rendering;
			sourceTree = "<group>";
		};
		5941236A24D79E1B0027B0DC /* Explorations */ = {
			isa = PBXGroup;
			children = (
				5941236B24D79E2A0027B0DC /* Girih.metal */,
				591226BB24B40BF800AF7663 /* 05Algorithmic.metal */,
				59D4E0A4259E46D100B9BF52 /* 07FuturisticUI.metal */,
				59AB6DD52A7218CC00A76D73 /* AudioViz.swift */,
				59AB6DD72A7219BD00A76D73 /* AudioViz.metal */,
				599B22A02504778C007EB419 /* RaysConfig.swift */,
				5920719825106CBC006E579F /* Girih.swift */,
				594651DF251B198E009947C2 /* Starfield.swift */,
				599B8E4724BE71E100769E7A /* ShaderToySmiley.metal */,
				592D5F6E24C1004A00EE9C7D /* ShaderToyStarField.metal */,
				59CF2B0B24D7CE0C00606BB2 /* ShaderToyDistortions.metal */,
				59CF2B1724DA738D00606BB2 /* PolarExperiments.metal */,
				590D1E692513E5F900B0C04A /* Simplest3D.metal */,
				5933FB11256F5B6D002D854A /* HappyJumping.metal */,
				595FBBE124708BEE00222613 /* CellularNoise.metal */,
			);
			path = Explorations;
			sourceTree = "<group>";
		};
		59A3125C2517EFF300F6ACA2 /* UI */ = {
			isa = PBXGroup;
			children = (
				59A3125D2517EFFF00F6ACA2 /* TitledSlider.swift */,
			);
			path = UI;
			sourceTree = "<group>";
		};
		59A3125F2517F45500F6ACA2 /* Root */ = {
			isa = PBXGroup;
			children = (
				59A312622517F48900F6ACA2 /* RootView.swift */,
				592B960C251AD74C00549407 /* MetalSwiftUIView.swift */,
				592B960A251AD71000549407 /* ConfigView.swift */,
				59A312642517F72E00F6ACA2 /* ViewModel.swift */,
			);
			path = Root;
			sourceTree = "<group>";
		};
		59C2BD18246A709D00335E59 = {
			isa = PBXGroup;
			children = (
				59C2BD23246A709D00335E59 /* MetalPlayground */,
				59C2BD22246A709D00335E59 /* Products */,
			);
			sourceTree = "<group>";
		};
		59C2BD22246A709D00335E59 /* Products */ = {
			isa = PBXGroup;
			children = (
				59C2BD21246A709D00335E59 /* MetalPlayground.app */,
			);
			name = Products;
			sourceTree = "<group>";
		};
		59C2BD23246A709D00335E59 /* MetalPlayground */ = {
			isa = PBXGroup;
			children = (
				592B960E251AD81D00549407 /* Rendering */,
				59A3125F2517F45500F6ACA2 /* Root */,
				59A3125C2517EFF300F6ACA2 /* UI */,
				590BE6152500C4C200E9B573 /* Scenes */,
				59C2BD24246A709D00335E59 /* MetalPlaygroundApp.swift */,
				59B25E4D2A1D581400F1AF4A /* raga.mp3 */,
				59AB61042C88E50F00024300 /* wallpaper.png */,
				59C2BD28246A709F00335E59 /* Assets.xcassets */,
				59AB61082C890C4A00024300 /* R.png */,
				59C2BD2A246A709F00335E59 /* Main.storyboard */,
				59C2BD2D246A709F00335E59 /* Info.plist */,
				59C2BD2E246A709F00335E59 /* MetalPlayground.entitlements */,
			);
			path = MetalPlayground;
			sourceTree = "<group>";
		};
		59E5BC6425AAA2940061154A /* JumpingBalls */ = {
			isa = PBXGroup;
			children = (
				59E5BC6725AAA9220061154A /* JumpingBalls.swift */,
				59E5BC6525AAA2A30061154A /* JumpingBalls.metal */,
			);
			path = JumpingBalls;
			sourceTree = "<group>";
		};
/* End PBXGroup section */

/* Begin PBXNativeTarget section */
		59C2BD20246A709D00335E59 /* MetalPlayground */ = {
			isa = PBXNativeTarget;
			buildConfigurationList = 59C2BD31246A709F00335E59 /* Build configuration list for PBXNativeTarget "MetalPlayground" */;
			buildPhases = (
				59C2BD1D246A709D00335E59 /* Sources */,
				59C2BD1E246A709D00335E59 /* Frameworks */,
				59C2BD1F246A709D00335E59 /* Resources */,
				59EA0D68246E37F9008FD867 /* Embed Frameworks */,
			);
			buildRules = (
			);
			dependencies = (
			);
			name = MetalPlayground;
			productName = MetalPlayground;
			productReference = 59C2BD21246A709D00335E59 /* MetalPlayground.app */;
			productType = "com.apple.product-type.application";
		};
/* End PBXNativeTarget section */

/* Begin PBXProject section */
		59C2BD19246A709D00335E59 /* Project object */ = {
			isa = PBXProject;
			attributes = {
				LastSwiftUpdateCheck = 1150;
				LastUpgradeCheck = 1150;
				ORGANIZATIONNAME = "Raheel Ahmad";
				TargetAttributes = {
					59C2BD20246A709D00335E59 = {
						CreatedOnToolsVersion = 11.5;
					};
				};
			};
			buildConfigurationList = 59C2BD1C246A709D00335E59 /* Build configuration list for PBXProject "MetalPlayground" */;
			compatibilityVersion = "Xcode 9.3";
			developmentRegion = en;
			hasScannedForEncodings = 0;
			knownRegions = (
				en,
				Base,
			);
			mainGroup = 59C2BD18246A709D00335E59;
			productRefGroup = 59C2BD22246A709D00335E59 /* Products */;
			projectDirPath = "";
			projectRoot = "";
			targets = (
				59C2BD20246A709D00335E59 /* MetalPlayground */,
			);
		};
/* End PBXProject section */

/* Begin PBXResourcesBuildPhase section */
		59C2BD1F246A709D00335E59 /* Resources */ = {
			isa = PBXResourcesBuildPhase;
			buildActionMask = 2147483647;
			files = (
				59C2BD29246A709F00335E59 /* Assets.xcassets in Resources */,
				59B25E4E2A1D581400F1AF4A /* raga.mp3 in Resources */,
				59AB61052C88E50F00024300 /* wallpaper.png in Resources */,
				59C2BD2C246A709F00335E59 /* Main.storyboard in Resources */,
				59AB61092C890C4A00024300 /* R.png in Resources */,
			);
			runOnlyForDeploymentPostprocessing = 0;
		};
/* End PBXResourcesBuildPhase section */

/* Begin PBXSourcesBuildPhase section */
		59C2BD1D246A709D00335E59 /* Sources */ = {
			isa = PBXSourcesBuildPhase;
			buildActionMask = 2147483647;
			files = (
				592D5F6F24C1004A00EE9C7D /* ShaderToyStarField.metal in Sources */,
				59A3125E2517EFFF00F6ACA2 /* TitledSlider.swift in Sources */,
				59AB6DD62A7218CC00A76D73 /* AudioViz.swift in Sources */,
				59D4E0A5259E46D100B9BF52 /* 07FuturisticUI.metal in Sources */,
				595FBBE224708BEE00222613 /* CellularNoise.metal in Sources */,
				59E11CAB24CEAF2700DC1FA7 /* Playground.swift in Sources */,
				5973D1A024BA9CE5006AFC50 /* 07ShapePrimitives.metal in Sources */,
				5941236C24D79E2A0027B0DC /* Girih.metal in Sources */,
				590D1E6A2513E5F900B0C04A /* Simplest3D.metal in Sources */,
				593725812A65C9B100E4BBD6 /* 07Shapes.metal in Sources */,
				592E5AB625A17E0B00660D83 /* 08LeftRightTiler.metal in Sources */,
				597743E624B82CC500AAB07C /* 06Colors.metal in Sources */,
				59AB6DD82A7219BD00A76D73 /* AudioViz.metal in Sources */,
				59E5BC6C25AAC92E0061154A /* Helpers.metal in Sources */,
				599B22A12504778C007EB419 /* RaysConfig.swift in Sources */,
				591226B924B3CDD600AF7663 /* MetalView.swift in Sources */,
				59A312652517F72E00F6ACA2 /* ViewModel.swift in Sources */,
				5920719925106CBC006E579F /* Girih.swift in Sources */,
				59CF2B0C24D7CE0C00606BB2 /* ShaderToyDistortions.metal in Sources */,
				59E5BC6825AAA9220061154A /* JumpingBalls.swift in Sources */,
				59CF2B1824DA738D00606BB2 /* PolarExperiments.metal in Sources */,
				594651E0251B198E009947C2 /* Starfield.swift in Sources */,
				591226BC24B40BF800AF7663 /* 05Algorithmic.metal in Sources */,
				593725832A65CA2200E4BBD6 /* BoSShapes.swift in Sources */,
				590BE61C2500C6A500E9B573 /* MathUtils.swift in Sources */,
				5933FB12256F5B6D002D854A /* HappyJumping.metal in Sources */,
				592B960B251AD71000549407 /* ConfigView.swift in Sources */,
				59C2BD37246A7C2600335E59 /* Renderer.swift in Sources */,
				59E5BC6625AAA2A30061154A /* JumpingBalls.metal in Sources */,
				59E2A6052A5CB96500216350 /* Shaping.metal in Sources */,
				592B960D251AD74C00549407 /* MetalSwiftUIView.swift in Sources */,
				599B8E4824BE71E100769E7A /* ShaderToySmiley.metal in Sources */,
				59A312632517F48900F6ACA2 /* RootView.swift in Sources */,
				59C2BD25246A709D00335E59 /* MetalPlaygroundApp.swift in Sources */,
			);
			runOnlyForDeploymentPostprocessing = 0;
		};
/* End PBXSourcesBuildPhase section */

/* Begin PBXVariantGroup section */
		59C2BD2A246A709F00335E59 /* Main.storyboard */ = {
			isa = PBXVariantGroup;
			children = (
				59C2BD2B246A709F00335E59 /* Base */,
			);
			name = Main.storyboard;
			sourceTree = "<group>";
		};
/* End PBXVariantGroup section */

/* Begin XCBuildConfiguration section */
		59C2BD2F246A709F00335E59 /* Debug */ = {
			isa = XCBuildConfiguration;
			buildSettings = {
				ALWAYS_SEARCH_USER_PATHS = NO;
				CLANG_ANALYZER_NONNULL = YES;
				CLANG_ANALYZER_NUMBER_OBJECT_CONVERSION = YES_AGGRESSIVE;
				CLANG_CXX_LANGUAGE_STANDARD = "gnu++14";
				CLANG_CXX_LIBRARY = "libc++";
				CLANG_ENABLE_MODULES = YES;
				CLANG_ENABLE_OBJC_ARC = YES;
				CLANG_ENABLE_OBJC_WEAK = YES;
				CLANG_WARN_BLOCK_CAPTURE_AUTORELEASING = YES;
				CLANG_WARN_BOOL_CONVERSION = YES;
				CLANG_WARN_COMMA = YES;
				CLANG_WARN_CONSTANT_CONVERSION = YES;
				CLANG_WARN_DEPRECATED_OBJC_IMPLEMENTATIONS = YES;
				CLANG_WARN_DIRECT_OBJC_ISA_USAGE = YES_ERROR;
				CLANG_WARN_DOCUMENTATION_COMMENTS = YES;
				CLANG_WARN_EMPTY_BODY = YES;
				CLANG_WARN_ENUM_CONVERSION = YES;
				CLANG_WARN_INFINITE_RECURSION = YES;
				CLANG_WARN_INT_CONVERSION = YES;
				CLANG_WARN_NON_LITERAL_NULL_CONVERSION = YES;
				CLANG_WARN_OBJC_IMPLICIT_RETAIN_SELF = YES;
				CLANG_WARN_OBJC_LITERAL_CONVERSION = YES;
				CLANG_WARN_OBJC_ROOT_CLASS = YES_ERROR;
				CLANG_WARN_RANGE_LOOP_ANALYSIS = YES;
				CLANG_WARN_STRICT_PROTOTYPES = YES;
				CLANG_WARN_SUSPICIOUS_MOVE = YES;
				CLANG_WARN_UNGUARDED_AVAILABILITY = YES_AGGRESSIVE;
				CLANG_WARN_UNREACHABLE_CODE = YES;
				CLANG_WARN__DUPLICATE_METHOD_MATCH = YES;
				COPY_PHASE_STRIP = NO;
				DEBUG_INFORMATION_FORMAT = dwarf;
				ENABLE_STRICT_OBJC_MSGSEND = YES;
				ENABLE_TESTABILITY = YES;
				GCC_C_LANGUAGE_STANDARD = gnu11;
				GCC_DYNAMIC_NO_PIC = NO;
				GCC_NO_COMMON_BLOCKS = YES;
				GCC_OPTIMIZATION_LEVEL = 0;
				GCC_PREPROCESSOR_DEFINITIONS = (
					"DEBUG=1",
					"$(inherited)",
				);
				GCC_WARN_64_TO_32_BIT_CONVERSION = YES;
				GCC_WARN_ABOUT_RETURN_TYPE = YES_ERROR;
				GCC_WARN_UNDECLARED_SELECTOR = YES;
				GCC_WARN_UNINITIALIZED_AUTOS = YES_AGGRESSIVE;
				GCC_WARN_UNUSED_FUNCTION = YES;
				GCC_WARN_UNUSED_VARIABLE = YES;
				MACOSX_DEPLOYMENT_TARGET = 13.0;
				MTL_ENABLE_DEBUG_INFO = INCLUDE_SOURCE;
				MTL_FAST_MATH = YES;
				ONLY_ACTIVE_ARCH = YES;
				SWIFT_ACTIVE_COMPILATION_CONDITIONS = DEBUG;
				SWIFT_OPTIMIZATION_LEVEL = "-Onone";
			};
			name = Debug;
		};
		59C2BD30246A709F00335E59 /* Release */ = {
			isa = XCBuildConfiguration;
			buildSettings = {
				ALWAYS_SEARCH_USER_PATHS = NO;
				CLANG_ANALYZER_NONNULL = YES;
				CLANG_ANALYZER_NUMBER_OBJECT_CONVERSION = YES_AGGRESSIVE;
				CLANG_CXX_LANGUAGE_STANDARD = "gnu++14";
				CLANG_CXX_LIBRARY = "libc++";
				CLANG_ENABLE_MODULES = YES;
				CLANG_ENABLE_OBJC_ARC = YES;
				CLANG_ENABLE_OBJC_WEAK = YES;
				CLANG_WARN_BLOCK_CAPTURE_AUTORELEASING = YES;
				CLANG_WARN_BOOL_CONVERSION = YES;
				CLANG_WARN_COMMA = YES;
				CLANG_WARN_CONSTANT_CONVERSION = YES;
				CLANG_WARN_DEPRECATED_OBJC_IMPLEMENTATIONS = YES;
				CLANG_WARN_DIRECT_OBJC_ISA_USAGE = YES_ERROR;
				CLANG_WARN_DOCUMENTATION_COMMENTS = YES;
				CLANG_WARN_EMPTY_BODY = YES;
				CLANG_WARN_ENUM_CONVERSION = YES;
				CLANG_WARN_INFINITE_RECURSION = YES;
				CLANG_WARN_INT_CONVERSION = YES;
				CLANG_WARN_NON_LITERAL_NULL_CONVERSION = YES;
				CLANG_WARN_OBJC_IMPLICIT_RETAIN_SELF = YES;
				CLANG_WARN_OBJC_LITERAL_CONVERSION = YES;
				CLANG_WARN_OBJC_ROOT_CLASS = YES_ERROR;
				CLANG_WARN_RANGE_LOOP_ANALYSIS = YES;
				CLANG_WARN_STRICT_PROTOTYPES = YES;
				CLANG_WARN_SUSPICIOUS_MOVE = YES;
				CLANG_WARN_UNGUARDED_AVAILABILITY = YES_AGGRESSIVE;
				CLANG_WARN_UNREACHABLE_CODE = YES;
				CLANG_WARN__DUPLICATE_METHOD_MATCH = YES;
				COPY_PHASE_STRIP = NO;
				DEBUG_INFORMATION_FORMAT = "dwarf-with-dsym";
				ENABLE_NS_ASSERTIONS = NO;
				ENABLE_STRICT_OBJC_MSGSEND = YES;
				GCC_C_LANGUAGE_STANDARD = gnu11;
				GCC_NO_COMMON_BLOCKS = YES;
				GCC_WARN_64_TO_32_BIT_CONVERSION = YES;
				GCC_WARN_ABOUT_RETURN_TYPE = YES_ERROR;
				GCC_WARN_UNDECLARED_SELECTOR = YES;
				GCC_WARN_UNINITIALIZED_AUTOS = YES_AGGRESSIVE;
				GCC_WARN_UNUSED_FUNCTION = YES;
				GCC_WARN_UNUSED_VARIABLE = YES;
				MACOSX_DEPLOYMENT_TARGET = 13.0;
				MTL_ENABLE_DEBUG_INFO = NO;
				MTL_FAST_MATH = YES;
				SWIFT_COMPILATION_MODE = wholemodule;
				SWIFT_OPTIMIZATION_LEVEL = "-O";
			};
			name = Release;
		};
		59C2BD32246A709F00335E59 /* Debug */ = {
			isa = XCBuildConfiguration;
			buildSettings = {
				ASSETCATALOG_COMPILER_APPICON_NAME = AppIcon;
				CODE_SIGN_ENTITLEMENTS = MetalPlayground/MetalPlayground.entitlements;
				CODE_SIGN_IDENTITY = "-";
				CODE_SIGN_STYLE = Manual;
				COMBINE_HIDPI_IMAGES = YES;
				DEVELOPMENT_TEAM = "";
				ENABLE_HARDENED_RUNTIME = YES;
				INFOPLIST_FILE = MetalPlayground/Info.plist;
				LD_RUNPATH_SEARCH_PATHS = (
					"$(inherited)",
					"@executable_path/../Frameworks",
				);
				MACOSX_DEPLOYMENT_TARGET = 14.0;
				PRODUCT_BUNDLE_IDENTIFIER = com.sakunlabs.MetalPlayground;
				PRODUCT_NAME = "$(TARGET_NAME)";
				PROVISIONING_PROFILE_SPECIFIER = "";
				SWIFT_VERSION = 5.0;
			};
			name = Debug;
		};
		59C2BD33246A709F00335E59 /* Release */ = {
			isa = XCBuildConfiguration;
			buildSettings = {
				ASSETCATALOG_COMPILER_APPICON_NAME = AppIcon;
				CODE_SIGN_ENTITLEMENTS = MetalPlayground/MetalPlayground.entitlements;
				CODE_SIGN_IDENTITY = "-";
				CODE_SIGN_STYLE = Manual;
				COMBINE_HIDPI_IMAGES = YES;
				DEVELOPMENT_TEAM = "";
				ENABLE_HARDENED_RUNTIME = YES;
				INFOPLIST_FILE = MetalPlayground/Info.plist;
				LD_RUNPATH_SEARCH_PATHS = (
					"$(inherited)",
					"@executable_path/../Frameworks",
				);
				MACOSX_DEPLOYMENT_TARGET = 14.0;
				PRODUCT_BUNDLE_IDENTIFIER = com.sakunlabs.MetalPlayground;
				PRODUCT_NAME = "$(TARGET_NAME)";
				PROVISIONING_PROFILE_SPECIFIER = "";
				SWIFT_VERSION = 5.0;
			};
			name = Release;
		};
/* End XCBuildConfiguration section */

/* Begin XCConfigurationList section */
		59C2BD1C246A709D00335E59 /* Build configuration list for PBXProject "MetalPlayground" */ = {
			isa = XCConfigurationList;
			buildConfigurations = (
				59C2BD2F246A709F00335E59 /* Debug */,
				59C2BD30246A709F00335E59 /* Release */,
			);
			defaultConfigurationIsVisible = 0;
			defaultConfigurationName = Release;
		};
		59C2BD31246A709F00335E59 /* Build configuration list for PBXNativeTarget "MetalPlayground" */ = {
			isa = XCConfigurationList;
			buildConfigurations = (
				59C2BD32246A709F00335E59 /* Debug */,
				59C2BD33246A709F00335E59 /* Release */,
			);
			defaultConfigurationIsVisible = 0;
			defaultConfigurationName = Release;
		};
/* End XCConfigurationList section */
	};
	rootObject = 59C2BD19246A709D00335E59 /* Project object */;
}
