// !$*UTF8*$!
{
	archiveVersion = 1;
	classes = {
	};
	objectVersion = 50;
	objects = {

/* Begin PBXBuildFile section */
		591226B724B3A24E00AF7663 /* Book-Uniforms.metal in Sources */ = {isa = PBXBuildFile; fileRef = 591226B624B3A24E00AF7663 /* Book-Uniforms.metal */; };
		591226B924B3CDD600AF7663 /* MetalView.swift in Sources */ = {isa = PBXBuildFile; fileRef = 591226B824B3CDD600AF7663 /* MetalView.swift */; };
		591226BC24B40BF800AF7663 /* 05Algorithmic.metal in Sources */ = {isa = PBXBuildFile; fileRef = 591226BB24B40BF800AF7663 /* 05Algorithmic.metal */; };
		592D5F6F24C1004A00EE9C7D /* ShaderToyStarField.metal in Sources */ = {isa = PBXBuildFile; fileRef = 592D5F6E24C1004A00EE9C7D /* ShaderToyStarField.metal */; };
		5942A33824BA28DD00993BD7 /* 07Shape.metal in Sources */ = {isa = PBXBuildFile; fileRef = 5942A33724BA28DD00993BD7 /* 07Shape.metal */; };
		595D7282246CFD4000FC8054 /* Shapes.metal in Sources */ = {isa = PBXBuildFile; fileRef = 595D7281246CFD4000FC8054 /* Shapes.metal */; };
		595D7284246D23F500FC8054 /* Random.metal in Sources */ = {isa = PBXBuildFile; fileRef = 595D7283246D23F500FC8054 /* Random.metal */; };
		595D7286246DE28600FC8054 /* Noise.metal in Sources */ = {isa = PBXBuildFile; fileRef = 595D7285246DE28600FC8054 /* Noise.metal */; };
		595D7288246DFF9300FC8054 /* MoreNoise.metal in Sources */ = {isa = PBXBuildFile; fileRef = 595D7287246DFF9300FC8054 /* MoreNoise.metal */; };
		595FBBE224708BEE00222613 /* CellularNoise.metal in Sources */ = {isa = PBXBuildFile; fileRef = 595FBBE124708BEE00222613 /* CellularNoise.metal */; };
		5973D1A024BA9CE5006AFC50 /* 07ShapePrimitives.metal in Sources */ = {isa = PBXBuildFile; fileRef = 5973D19F24BA9CE5006AFC50 /* 07ShapePrimitives.metal */; };
		597743E624B82CC500AAB07C /* 06Colors.metal in Sources */ = {isa = PBXBuildFile; fileRef = 597743E524B82CC500AAB07C /* 06Colors.metal */; };
		5981BA97246B22EB00E39E86 /* Shaders.metal in Sources */ = {isa = PBXBuildFile; fileRef = 5981BA96246B22EB00E39E86 /* Shaders.metal */; };
		599B8E4824BE71E100769E7A /* ShaderToySmiley.metal in Sources */ = {isa = PBXBuildFile; fileRef = 599B8E4724BE71E100769E7A /* ShaderToySmiley.metal */; };
		59BCCB4624BD261300595132 /* ShaderToy01.metal in Sources */ = {isa = PBXBuildFile; fileRef = 59BCCB4524BD261300595132 /* ShaderToy01.metal */; };
		59C2BD25246A709D00335E59 /* AppDelegate.swift in Sources */ = {isa = PBXBuildFile; fileRef = 59C2BD24246A709D00335E59 /* AppDelegate.swift */; };
		59C2BD27246A709D00335E59 /* ViewController.swift in Sources */ = {isa = PBXBuildFile; fileRef = 59C2BD26246A709D00335E59 /* ViewController.swift */; };
		59C2BD29246A709F00335E59 /* Assets.xcassets in Resources */ = {isa = PBXBuildFile; fileRef = 59C2BD28246A709F00335E59 /* Assets.xcassets */; };
		59C2BD2C246A709F00335E59 /* Main.storyboard in Resources */ = {isa = PBXBuildFile; fileRef = 59C2BD2A246A709F00335E59 /* Main.storyboard */; };
		59C2BD37246A7C2600335E59 /* Renderer.swift in Sources */ = {isa = PBXBuildFile; fileRef = 59C2BD36246A7C2500335E59 /* Renderer.swift */; };
		59E11CAB24CEAF2700DC1FA7 /* Scene.swift in Sources */ = {isa = PBXBuildFile; fileRef = 59E11CAA24CEAF2700DC1FA7 /* Scene.swift */; };
		59EA0D63246E37F9008FD867 /* Glitter.h in Headers */ = {isa = PBXBuildFile; fileRef = 59EA0D61246E37F9008FD867 /* Glitter.h */; settings = {ATTRIBUTES = (Public, ); }; };
		59EA0D66246E37F9008FD867 /* Glitter.framework in Frameworks */ = {isa = PBXBuildFile; fileRef = 59EA0D5F246E37F9008FD867 /* Glitter.framework */; };
		59EA0D67246E37F9008FD867 /* Glitter.framework in Embed Frameworks */ = {isa = PBXBuildFile; fileRef = 59EA0D5F246E37F9008FD867 /* Glitter.framework */; settings = {ATTRIBUTES = (CodeSignOnCopy, RemoveHeadersOnCopy, ); }; };
/* End PBXBuildFile section */

/* Begin PBXContainerItemProxy section */
		59EA0D64246E37F9008FD867 /* PBXContainerItemProxy */ = {
			isa = PBXContainerItemProxy;
			containerPortal = 59C2BD19246A709D00335E59 /* Project object */;
			proxyType = 1;
			remoteGlobalIDString = 59EA0D5E246E37F9008FD867;
			remoteInfo = Glitter;
		};
/* End PBXContainerItemProxy section */

/* Begin PBXCopyFilesBuildPhase section */
		59EA0D68246E37F9008FD867 /* Embed Frameworks */ = {
			isa = PBXCopyFilesBuildPhase;
			buildActionMask = 2147483647;
			dstPath = "";
			dstSubfolderSpec = 10;
			files = (
				59EA0D67246E37F9008FD867 /* Glitter.framework in Embed Frameworks */,
			);
			name = "Embed Frameworks";
			runOnlyForDeploymentPostprocessing = 0;
		};
/* End PBXCopyFilesBuildPhase section */

/* Begin PBXFileReference section */
		591226B624B3A24E00AF7663 /* Book-Uniforms.metal */ = {isa = PBXFileReference; lastKnownFileType = sourcecode.metal; path = "Book-Uniforms.metal"; sourceTree = "<group>"; };
		591226B824B3CDD600AF7663 /* MetalView.swift */ = {isa = PBXFileReference; lastKnownFileType = sourcecode.swift; path = MetalView.swift; sourceTree = "<group>"; };
		591226BB24B40BF800AF7663 /* 05Algorithmic.metal */ = {isa = PBXFileReference; lastKnownFileType = sourcecode.metal; path = 05Algorithmic.metal; sourceTree = "<group>"; };
		592D5F6E24C1004A00EE9C7D /* ShaderToyStarField.metal */ = {isa = PBXFileReference; lastKnownFileType = sourcecode.metal; path = ShaderToyStarField.metal; sourceTree = "<group>"; };
		5942A33724BA28DD00993BD7 /* 07Shape.metal */ = {isa = PBXFileReference; lastKnownFileType = sourcecode.metal; path = 07Shape.metal; sourceTree = "<group>"; };
		595D7281246CFD4000FC8054 /* Shapes.metal */ = {isa = PBXFileReference; lastKnownFileType = sourcecode.metal; path = Shapes.metal; sourceTree = "<group>"; };
		595D7283246D23F500FC8054 /* Random.metal */ = {isa = PBXFileReference; lastKnownFileType = sourcecode.metal; path = Random.metal; sourceTree = "<group>"; };
		595D7285246DE28600FC8054 /* Noise.metal */ = {isa = PBXFileReference; lastKnownFileType = sourcecode.metal; path = Noise.metal; sourceTree = "<group>"; };
		595D7287246DFF9300FC8054 /* MoreNoise.metal */ = {isa = PBXFileReference; lastKnownFileType = sourcecode.metal; path = MoreNoise.metal; sourceTree = "<group>"; };
		595FBBE124708BEE00222613 /* CellularNoise.metal */ = {isa = PBXFileReference; lastKnownFileType = sourcecode.metal; path = CellularNoise.metal; sourceTree = "<group>"; };
		5973D19E24BA9A55006AFC50 /* MetalHeaders.h */ = {isa = PBXFileReference; lastKnownFileType = sourcecode.c.h; path = MetalHeaders.h; sourceTree = "<group>"; };
		5973D19F24BA9CE5006AFC50 /* 07ShapePrimitives.metal */ = {isa = PBXFileReference; lastKnownFileType = sourcecode.metal; path = 07ShapePrimitives.metal; sourceTree = "<group>"; };
		597743E524B82CC500AAB07C /* 06Colors.metal */ = {isa = PBXFileReference; lastKnownFileType = sourcecode.metal; path = 06Colors.metal; sourceTree = "<group>"; };
		5981BA96246B22EB00E39E86 /* Shaders.metal */ = {isa = PBXFileReference; lastKnownFileType = sourcecode.metal; path = Shaders.metal; sourceTree = "<group>"; };
		599B8E4724BE71E100769E7A /* ShaderToySmiley.metal */ = {isa = PBXFileReference; lastKnownFileType = sourcecode.metal; path = ShaderToySmiley.metal; sourceTree = "<group>"; };
		59BCCB4524BD261300595132 /* ShaderToy01.metal */ = {isa = PBXFileReference; lastKnownFileType = sourcecode.metal; path = ShaderToy01.metal; sourceTree = "<group>"; };
		59C2BD21246A709D00335E59 /* MetalPlayground.app */ = {isa = PBXFileReference; explicitFileType = wrapper.application; includeInIndex = 0; path = MetalPlayground.app; sourceTree = BUILT_PRODUCTS_DIR; };
		59C2BD24246A709D00335E59 /* AppDelegate.swift */ = {isa = PBXFileReference; lastKnownFileType = sourcecode.swift; path = AppDelegate.swift; sourceTree = "<group>"; };
		59C2BD26246A709D00335E59 /* ViewController.swift */ = {isa = PBXFileReference; lastKnownFileType = sourcecode.swift; path = ViewController.swift; sourceTree = "<group>"; };
		59C2BD28246A709F00335E59 /* Assets.xcassets */ = {isa = PBXFileReference; lastKnownFileType = folder.assetcatalog; path = Assets.xcassets; sourceTree = "<group>"; };
		59C2BD2B246A709F00335E59 /* Base */ = {isa = PBXFileReference; lastKnownFileType = file.storyboard; name = Base; path = Base.lproj/Main.storyboard; sourceTree = "<group>"; };
		59C2BD2D246A709F00335E59 /* Info.plist */ = {isa = PBXFileReference; lastKnownFileType = text.plist.xml; path = Info.plist; sourceTree = "<group>"; };
		59C2BD2E246A709F00335E59 /* MetalPlayground.entitlements */ = {isa = PBXFileReference; lastKnownFileType = text.plist.entitlements; path = MetalPlayground.entitlements; sourceTree = "<group>"; };
		59C2BD36246A7C2500335E59 /* Renderer.swift */ = {isa = PBXFileReference; lastKnownFileType = sourcecode.swift; path = Renderer.swift; sourceTree = "<group>"; };
		59E11CAA24CEAF2700DC1FA7 /* Scene.swift */ = {isa = PBXFileReference; lastKnownFileType = sourcecode.swift; path = Scene.swift; sourceTree = "<group>"; };
		59EA0D5F246E37F9008FD867 /* Glitter.framework */ = {isa = PBXFileReference; explicitFileType = wrapper.framework; includeInIndex = 0; path = Glitter.framework; sourceTree = BUILT_PRODUCTS_DIR; };
		59EA0D61246E37F9008FD867 /* Glitter.h */ = {isa = PBXFileReference; lastKnownFileType = sourcecode.c.h; path = Glitter.h; sourceTree = "<group>"; };
		59EA0D62246E37F9008FD867 /* Info.plist */ = {isa = PBXFileReference; lastKnownFileType = text.plist.xml; path = Info.plist; sourceTree = "<group>"; };
/* End PBXFileReference section */

/* Begin PBXFrameworksBuildPhase section */
		59C2BD1E246A709D00335E59 /* Frameworks */ = {
			isa = PBXFrameworksBuildPhase;
			buildActionMask = 2147483647;
			files = (
				59EA0D66246E37F9008FD867 /* Glitter.framework in Frameworks */,
			);
			runOnlyForDeploymentPostprocessing = 0;
		};
		59EA0D5C246E37F9008FD867 /* Frameworks */ = {
			isa = PBXFrameworksBuildPhase;
			buildActionMask = 2147483647;
			files = (
			);
			runOnlyForDeploymentPostprocessing = 0;
		};
/* End PBXFrameworksBuildPhase section */

/* Begin PBXGroup section */
		591226BA24B40BDA00AF7663 /* BookShaders */ = {
			isa = PBXGroup;
			children = (
				591226BB24B40BF800AF7663 /* 05Algorithmic.metal */,
				5942A33724BA28DD00993BD7 /* 07Shape.metal */,
				5973D19F24BA9CE5006AFC50 /* 07ShapePrimitives.metal */,
				597743E524B82CC500AAB07C /* 06Colors.metal */,
			);
			path = BookShaders;
			sourceTree = "<group>";
		};
		59BCCB4424BD260300595132 /* ShaderToy */ = {
			isa = PBXGroup;
			children = (
				59BCCB4524BD261300595132 /* ShaderToy01.metal */,
				599B8E4724BE71E100769E7A /* ShaderToySmiley.metal */,
				592D5F6E24C1004A00EE9C7D /* ShaderToyStarField.metal */,
			);
			path = ShaderToy;
			sourceTree = "<group>";
		};
		59C2BD18246A709D00335E59 = {
			isa = PBXGroup;
			children = (
				59C2BD23246A709D00335E59 /* MetalPlayground */,
				59EA0D60246E37F9008FD867 /* Glitter */,
				59C2BD22246A709D00335E59 /* Products */,
			);
			sourceTree = "<group>";
		};
		59C2BD22246A709D00335E59 /* Products */ = {
			isa = PBXGroup;
			children = (
				59C2BD21246A709D00335E59 /* MetalPlayground.app */,
				59EA0D5F246E37F9008FD867 /* Glitter.framework */,
			);
			name = Products;
			sourceTree = "<group>";
		};
		59C2BD23246A709D00335E59 /* MetalPlayground */ = {
			isa = PBXGroup;
			children = (
				5973D19E24BA9A55006AFC50 /* MetalHeaders.h */,
				59BCCB4424BD260300595132 /* ShaderToy */,
				591226BA24B40BDA00AF7663 /* BookShaders */,
				59C2BD24246A709D00335E59 /* AppDelegate.swift */,
				59C2BD26246A709D00335E59 /* ViewController.swift */,
				595FBBE124708BEE00222613 /* CellularNoise.metal */,
				59C2BD36246A7C2500335E59 /* Renderer.swift */,
				5981BA96246B22EB00E39E86 /* Shaders.metal */,
				591226B624B3A24E00AF7663 /* Book-Uniforms.metal */,
				595D7281246CFD4000FC8054 /* Shapes.metal */,
				595D7283246D23F500FC8054 /* Random.metal */,
				595D7285246DE28600FC8054 /* Noise.metal */,
				595D7287246DFF9300FC8054 /* MoreNoise.metal */,
				59C2BD28246A709F00335E59 /* Assets.xcassets */,
				59C2BD2A246A709F00335E59 /* Main.storyboard */,
				59C2BD2D246A709F00335E59 /* Info.plist */,
				59C2BD2E246A709F00335E59 /* MetalPlayground.entitlements */,
				591226B824B3CDD600AF7663 /* MetalView.swift */,
				59E11CAA24CEAF2700DC1FA7 /* Scene.swift */,
			);
			path = MetalPlayground;
			sourceTree = "<group>";
		};
		59EA0D60246E37F9008FD867 /* Glitter */ = {
			isa = PBXGroup;
			children = (
				59EA0D61246E37F9008FD867 /* Glitter.h */,
				59EA0D62246E37F9008FD867 /* Info.plist */,
			);
			path = Glitter;
			sourceTree = "<group>";
		};
/* End PBXGroup section */

/* Begin PBXHeadersBuildPhase section */
		59EA0D5A246E37F9008FD867 /* Headers */ = {
			isa = PBXHeadersBuildPhase;
			buildActionMask = 2147483647;
			files = (
				59EA0D63246E37F9008FD867 /* Glitter.h in Headers */,
			);
			runOnlyForDeploymentPostprocessing = 0;
		};
/* End PBXHeadersBuildPhase section */

/* Begin PBXNativeTarget section */
		59C2BD20246A709D00335E59 /* MetalPlayground */ = {
			isa = PBXNativeTarget;
			buildConfigurationList = 59C2BD31246A709F00335E59 /* Build configuration list for PBXNativeTarget "MetalPlayground" */;
			buildPhases = (
				59C2BD1D246A709D00335E59 /* Sources */,
				59C2BD1E246A709D00335E59 /* Frameworks */,
				59C2BD1F246A709D00335E59 /* Resources */,
				59EA0D68246E37F9008FD867 /* Embed Frameworks */,
			);
			buildRules = (
			);
			dependencies = (
				59EA0D65246E37F9008FD867 /* PBXTargetDependency */,
			);
			name = MetalPlayground;
			productName = MetalPlayground;
			productReference = 59C2BD21246A709D00335E59 /* MetalPlayground.app */;
			productType = "com.apple.product-type.application";
		};
		59EA0D5E246E37F9008FD867 /* Glitter */ = {
			isa = PBXNativeTarget;
			buildConfigurationList = 59EA0D6B246E37F9008FD867 /* Build configuration list for PBXNativeTarget "Glitter" */;
			buildPhases = (
				59EA0D5A246E37F9008FD867 /* Headers */,
				59EA0D5B246E37F9008FD867 /* Sources */,
				59EA0D5C246E37F9008FD867 /* Frameworks */,
				59EA0D5D246E37F9008FD867 /* Resources */,
			);
			buildRules = (
			);
			dependencies = (
			);
			name = Glitter;
			productName = Glitter;
			productReference = 59EA0D5F246E37F9008FD867 /* Glitter.framework */;
			productType = "com.apple.product-type.framework";
		};
/* End PBXNativeTarget section */

/* Begin PBXProject section */
		59C2BD19246A709D00335E59 /* Project object */ = {
			isa = PBXProject;
			attributes = {
				LastSwiftUpdateCheck = 1150;
				LastUpgradeCheck = 1150;
				ORGANIZATIONNAME = "Raheel Ahmad";
				TargetAttributes = {
					59C2BD20246A709D00335E59 = {
						CreatedOnToolsVersion = 11.5;
					};
					59EA0D5E246E37F9008FD867 = {
						CreatedOnToolsVersion = 11.5;
						LastSwiftMigration = 1150;
					};
				};
			};
			buildConfigurationList = 59C2BD1C246A709D00335E59 /* Build configuration list for PBXProject "MetalPlayground" */;
			compatibilityVersion = "Xcode 9.3";
			developmentRegion = en;
			hasScannedForEncodings = 0;
			knownRegions = (
				en,
				Base,
			);
			mainGroup = 59C2BD18246A709D00335E59;
			productRefGroup = 59C2BD22246A709D00335E59 /* Products */;
			projectDirPath = "";
			projectRoot = "";
			targets = (
				59C2BD20246A709D00335E59 /* MetalPlayground */,
				59EA0D5E246E37F9008FD867 /* Glitter */,
			);
		};
/* End PBXProject section */

/* Begin PBXResourcesBuildPhase section */
		59C2BD1F246A709D00335E59 /* Resources */ = {
			isa = PBXResourcesBuildPhase;
			buildActionMask = 2147483647;
			files = (
				59C2BD29246A709F00335E59 /* Assets.xcassets in Resources */,
				59C2BD2C246A709F00335E59 /* Main.storyboard in Resources */,
			);
			runOnlyForDeploymentPostprocessing = 0;
		};
		59EA0D5D246E37F9008FD867 /* Resources */ = {
			isa = PBXResourcesBuildPhase;
			buildActionMask = 2147483647;
			files = (
			);
			runOnlyForDeploymentPostprocessing = 0;
		};
/* End PBXResourcesBuildPhase section */

/* Begin PBXSourcesBuildPhase section */
		59C2BD1D246A709D00335E59 /* Sources */ = {
			isa = PBXSourcesBuildPhase;
			buildActionMask = 2147483647;
			files = (
				592D5F6F24C1004A00EE9C7D /* ShaderToyStarField.metal in Sources */,
				591226B724B3A24E00AF7663 /* Book-Uniforms.metal in Sources */,
				595FBBE224708BEE00222613 /* CellularNoise.metal in Sources */,
				59E11CAB24CEAF2700DC1FA7 /* Scene.swift in Sources */,
				5973D1A024BA9CE5006AFC50 /* 07ShapePrimitives.metal in Sources */,
				595D7284246D23F500FC8054 /* Random.metal in Sources */,
				597743E624B82CC500AAB07C /* 06Colors.metal in Sources */,
				595D7288246DFF9300FC8054 /* MoreNoise.metal in Sources */,
				59BCCB4624BD261300595132 /* ShaderToy01.metal in Sources */,
				5981BA97246B22EB00E39E86 /* Shaders.metal in Sources */,
				595D7286246DE28600FC8054 /* Noise.metal in Sources */,
				591226B924B3CDD600AF7663 /* MetalView.swift in Sources */,
				595D7282246CFD4000FC8054 /* Shapes.metal in Sources */,
				591226BC24B40BF800AF7663 /* 05Algorithmic.metal in Sources */,
				59C2BD27246A709D00335E59 /* ViewController.swift in Sources */,
				59C2BD37246A7C2600335E59 /* Renderer.swift in Sources */,
				5942A33824BA28DD00993BD7 /* 07Shape.metal in Sources */,
				599B8E4824BE71E100769E7A /* ShaderToySmiley.metal in Sources */,
				59C2BD25246A709D00335E59 /* AppDelegate.swift in Sources */,
			);
			runOnlyForDeploymentPostprocessing = 0;
		};
		59EA0D5B246E37F9008FD867 /* Sources */ = {
			isa = PBXSourcesBuildPhase;
			buildActionMask = 2147483647;
			files = (
			);
			runOnlyForDeploymentPostprocessing = 0;
		};
/* End PBXSourcesBuildPhase section */

/* Begin PBXTargetDependency section */
		59EA0D65246E37F9008FD867 /* PBXTargetDependency */ = {
			isa = PBXTargetDependency;
			target = 59EA0D5E246E37F9008FD867 /* Glitter */;
			targetProxy = 59EA0D64246E37F9008FD867 /* PBXContainerItemProxy */;
		};
/* End PBXTargetDependency section */

/* Begin PBXVariantGroup section */
		59C2BD2A246A709F00335E59 /* Main.storyboard */ = {
			isa = PBXVariantGroup;
			children = (
				59C2BD2B246A709F00335E59 /* Base */,
			);
			name = Main.storyboard;
			sourceTree = "<group>";
		};
/* End PBXVariantGroup section */

/* Begin XCBuildConfiguration section */
		59C2BD2F246A709F00335E59 /* Debug */ = {
			isa = XCBuildConfiguration;
			buildSettings = {
				ALWAYS_SEARCH_USER_PATHS = NO;
				CLANG_ANALYZER_NONNULL = YES;
				CLANG_ANALYZER_NUMBER_OBJECT_CONVERSION = YES_AGGRESSIVE;
				CLANG_CXX_LANGUAGE_STANDARD = "gnu++14";
				CLANG_CXX_LIBRARY = "libc++";
				CLANG_ENABLE_MODULES = YES;
				CLANG_ENABLE_OBJC_ARC = YES;
				CLANG_ENABLE_OBJC_WEAK = YES;
				CLANG_WARN_BLOCK_CAPTURE_AUTORELEASING = YES;
				CLANG_WARN_BOOL_CONVERSION = YES;
				CLANG_WARN_COMMA = YES;
				CLANG_WARN_CONSTANT_CONVERSION = YES;
				CLANG_WARN_DEPRECATED_OBJC_IMPLEMENTATIONS = YES;
				CLANG_WARN_DIRECT_OBJC_ISA_USAGE = YES_ERROR;
				CLANG_WARN_DOCUMENTATION_COMMENTS = YES;
				CLANG_WARN_EMPTY_BODY = YES;
				CLANG_WARN_ENUM_CONVERSION = YES;
				CLANG_WARN_INFINITE_RECURSION = YES;
				CLANG_WARN_INT_CONVERSION = YES;
				CLANG_WARN_NON_LITERAL_NULL_CONVERSION = YES;
				CLANG_WARN_OBJC_IMPLICIT_RETAIN_SELF = YES;
				CLANG_WARN_OBJC_LITERAL_CONVERSION = YES;
				CLANG_WARN_OBJC_ROOT_CLASS = YES_ERROR;
				CLANG_WARN_RANGE_LOOP_ANALYSIS = YES;
				CLANG_WARN_STRICT_PROTOTYPES = YES;
				CLANG_WARN_SUSPICIOUS_MOVE = YES;
				CLANG_WARN_UNGUARDED_AVAILABILITY = YES_AGGRESSIVE;
				CLANG_WARN_UNREACHABLE_CODE = YES;
				CLANG_WARN__DUPLICATE_METHOD_MATCH = YES;
				COPY_PHASE_STRIP = NO;
				DEBUG_INFORMATION_FORMAT = dwarf;
				ENABLE_STRICT_OBJC_MSGSEND = YES;
				ENABLE_TESTABILITY = YES;
				GCC_C_LANGUAGE_STANDARD = gnu11;
				GCC_DYNAMIC_NO_PIC = NO;
				GCC_NO_COMMON_BLOCKS = YES;
				GCC_OPTIMIZATION_LEVEL = 0;
				GCC_PREPROCESSOR_DEFINITIONS = (
					"DEBUG=1",
					"$(inherited)",
				);
				GCC_WARN_64_TO_32_BIT_CONVERSION = YES;
				GCC_WARN_ABOUT_RETURN_TYPE = YES_ERROR;
				GCC_WARN_UNDECLARED_SELECTOR = YES;
				GCC_WARN_UNINITIALIZED_AUTOS = YES_AGGRESSIVE;
				GCC_WARN_UNUSED_FUNCTION = YES;
				GCC_WARN_UNUSED_VARIABLE = YES;
				MACOSX_DEPLOYMENT_TARGET = 10.15;
				MTL_ENABLE_DEBUG_INFO = INCLUDE_SOURCE;
				MTL_FAST_MATH = YES;
				ONLY_ACTIVE_ARCH = YES;
				SDKROOT = macosx;
				SWIFT_ACTIVE_COMPILATION_CONDITIONS = DEBUG;
				SWIFT_OPTIMIZATION_LEVEL = "-Onone";
			};
			name = Debug;
		};
		59C2BD30246A709F00335E59 /* Release */ = {
			isa = XCBuildConfiguration;
			buildSettings = {
				ALWAYS_SEARCH_USER_PATHS = NO;
				CLANG_ANALYZER_NONNULL = YES;
				CLANG_ANALYZER_NUMBER_OBJECT_CONVERSION = YES_AGGRESSIVE;
				CLANG_CXX_LANGUAGE_STANDARD = "gnu++14";
				CLANG_CXX_LIBRARY = "libc++";
				CLANG_ENABLE_MODULES = YES;
				CLANG_ENABLE_OBJC_ARC = YES;
				CLANG_ENABLE_OBJC_WEAK = YES;
				CLANG_WARN_BLOCK_CAPTURE_AUTORELEASING = YES;
				CLANG_WARN_BOOL_CONVERSION = YES;
				CLANG_WARN_COMMA = YES;
				CLANG_WARN_CONSTANT_CONVERSION = YES;
				CLANG_WARN_DEPRECATED_OBJC_IMPLEMENTATIONS = YES;
				CLANG_WARN_DIRECT_OBJC_ISA_USAGE = YES_ERROR;
				CLANG_WARN_DOCUMENTATION_COMMENTS = YES;
				CLANG_WARN_EMPTY_BODY = YES;
				CLANG_WARN_ENUM_CONVERSION = YES;
				CLANG_WARN_INFINITE_RECURSION = YES;
				CLANG_WARN_INT_CONVERSION = YES;
				CLANG_WARN_NON_LITERAL_NULL_CONVERSION = YES;
				CLANG_WARN_OBJC_IMPLICIT_RETAIN_SELF = YES;
				CLANG_WARN_OBJC_LITERAL_CONVERSION = YES;
				CLANG_WARN_OBJC_ROOT_CLASS = YES_ERROR;
				CLANG_WARN_RANGE_LOOP_ANALYSIS = YES;
				CLANG_WARN_STRICT_PROTOTYPES = YES;
				CLANG_WARN_SUSPICIOUS_MOVE = YES;
				CLANG_WARN_UNGUARDED_AVAILABILITY = YES_AGGRESSIVE;
				CLANG_WARN_UNREACHABLE_CODE = YES;
				CLANG_WARN__DUPLICATE_METHOD_MATCH = YES;
				COPY_PHASE_STRIP = NO;
				DEBUG_INFORMATION_FORMAT = "dwarf-with-dsym";
				ENABLE_NS_ASSERTIONS = NO;
				ENABLE_STRICT_OBJC_MSGSEND = YES;
				GCC_C_LANGUAGE_STANDARD = gnu11;
				GCC_NO_COMMON_BLOCKS = YES;
				GCC_WARN_64_TO_32_BIT_CONVERSION = YES;
				GCC_WARN_ABOUT_RETURN_TYPE = YES_ERROR;
				GCC_WARN_UNDECLARED_SELECTOR = YES;
				GCC_WARN_UNINITIALIZED_AUTOS = YES_AGGRESSIVE;
				GCC_WARN_UNUSED_FUNCTION = YES;
				GCC_WARN_UNUSED_VARIABLE = YES;
				MACOSX_DEPLOYMENT_TARGET = 10.15;
				MTL_ENABLE_DEBUG_INFO = NO;
				MTL_FAST_MATH = YES;
				SDKROOT = macosx;
				SWIFT_COMPILATION_MODE = wholemodule;
				SWIFT_OPTIMIZATION_LEVEL = "-O";
			};
			name = Release;
		};
		59C2BD32246A709F00335E59 /* Debug */ = {
			isa = XCBuildConfiguration;
			buildSettings = {
				ASSETCATALOG_COMPILER_APPICON_NAME = AppIcon;
				CODE_SIGN_ENTITLEMENTS = MetalPlayground/MetalPlayground.entitlements;
				CODE_SIGN_STYLE = Automatic;
				COMBINE_HIDPI_IMAGES = YES;
				DEVELOPMENT_TEAM = 2W72Q4758S;
				ENABLE_HARDENED_RUNTIME = YES;
				INFOPLIST_FILE = MetalPlayground/Info.plist;
				LD_RUNPATH_SEARCH_PATHS = (
					"$(inherited)",
					"@executable_path/../Frameworks",
				);
				PRODUCT_BUNDLE_IDENTIFIER = com.sakunlabs.MetalPlayground;
				PRODUCT_NAME = "$(TARGET_NAME)";
				SWIFT_VERSION = 5.0;
			};
			name = Debug;
		};
		59C2BD33246A709F00335E59 /* Release */ = {
			isa = XCBuildConfiguration;
			buildSettings = {
				ASSETCATALOG_COMPILER_APPICON_NAME = AppIcon;
				CODE_SIGN_ENTITLEMENTS = MetalPlayground/MetalPlayground.entitlements;
				CODE_SIGN_STYLE = Automatic;
				COMBINE_HIDPI_IMAGES = YES;
				DEVELOPMENT_TEAM = 2W72Q4758S;
				ENABLE_HARDENED_RUNTIME = YES;
				INFOPLIST_FILE = MetalPlayground/Info.plist;
				LD_RUNPATH_SEARCH_PATHS = (
					"$(inherited)",
					"@executable_path/../Frameworks",
				);
				PRODUCT_BUNDLE_IDENTIFIER = com.sakunlabs.MetalPlayground;
				PRODUCT_NAME = "$(TARGET_NAME)";
				SWIFT_VERSION = 5.0;
			};
			name = Release;
		};
		59EA0D69246E37F9008FD867 /* Debug */ = {
			isa = XCBuildConfiguration;
			buildSettings = {
				CLANG_ENABLE_MODULES = YES;
				CODE_SIGN_STYLE = Automatic;
				COMBINE_HIDPI_IMAGES = YES;
				CURRENT_PROJECT_VERSION = 1;
				DEFINES_MODULE = YES;
				DEVELOPMENT_TEAM = 2W72Q4758S;
				DYLIB_COMPATIBILITY_VERSION = 1;
				DYLIB_CURRENT_VERSION = 1;
				DYLIB_INSTALL_NAME_BASE = "@rpath";
				INFOPLIST_FILE = Glitter/Info.plist;
				INSTALL_PATH = "$(LOCAL_LIBRARY_DIR)/Frameworks";
				LD_RUNPATH_SEARCH_PATHS = (
					"$(inherited)",
					"@executable_path/../Frameworks",
					"@loader_path/Frameworks",
				);
				PRODUCT_BUNDLE_IDENTIFIER = com.sakunlabs.Glitter;
				PRODUCT_NAME = "$(TARGET_NAME:c99extidentifier)";
				SKIP_INSTALL = YES;
				SWIFT_OPTIMIZATION_LEVEL = "-Onone";
				SWIFT_VERSION = 5.0;
				VERSIONING_SYSTEM = "apple-generic";
				VERSION_INFO_PREFIX = "";
			};
			name = Debug;
		};
		59EA0D6A246E37F9008FD867 /* Release */ = {
			isa = XCBuildConfiguration;
			buildSettings = {
				CLANG_ENABLE_MODULES = YES;
				CODE_SIGN_STYLE = Automatic;
				COMBINE_HIDPI_IMAGES = YES;
				CURRENT_PROJECT_VERSION = 1;
				DEFINES_MODULE = YES;
				DEVELOPMENT_TEAM = 2W72Q4758S;
				DYLIB_COMPATIBILITY_VERSION = 1;
				DYLIB_CURRENT_VERSION = 1;
				DYLIB_INSTALL_NAME_BASE = "@rpath";
				INFOPLIST_FILE = Glitter/Info.plist;
				INSTALL_PATH = "$(LOCAL_LIBRARY_DIR)/Frameworks";
				LD_RUNPATH_SEARCH_PATHS = (
					"$(inherited)",
					"@executable_path/../Frameworks",
					"@loader_path/Frameworks",
				);
				PRODUCT_BUNDLE_IDENTIFIER = com.sakunlabs.Glitter;
				PRODUCT_NAME = "$(TARGET_NAME:c99extidentifier)";
				SKIP_INSTALL = YES;
				SWIFT_VERSION = 5.0;
				VERSIONING_SYSTEM = "apple-generic";
				VERSION_INFO_PREFIX = "";
			};
			name = Release;
		};
/* End XCBuildConfiguration section */

/* Begin XCConfigurationList section */
		59C2BD1C246A709D00335E59 /* Build configuration list for PBXProject "MetalPlayground" */ = {
			isa = XCConfigurationList;
			buildConfigurations = (
				59C2BD2F246A709F00335E59 /* Debug */,
				59C2BD30246A709F00335E59 /* Release */,
			);
			defaultConfigurationIsVisible = 0;
			defaultConfigurationName = Release;
		};
		59C2BD31246A709F00335E59 /* Build configuration list for PBXNativeTarget "MetalPlayground" */ = {
			isa = XCConfigurationList;
			buildConfigurations = (
				59C2BD32246A709F00335E59 /* Debug */,
				59C2BD33246A709F00335E59 /* Release */,
			);
			defaultConfigurationIsVisible = 0;
			defaultConfigurationName = Release;
		};
		59EA0D6B246E37F9008FD867 /* Build configuration list for PBXNativeTarget "Glitter" */ = {
			isa = XCConfigurationList;
			buildConfigurations = (
				59EA0D69246E37F9008FD867 /* Debug */,
				59EA0D6A246E37F9008FD867 /* Release */,
			);
			defaultConfigurationIsVisible = 0;
			defaultConfigurationName = Release;
		};
/* End XCConfigurationList section */
	};
	rootObject = 59C2BD19246A709D00335E59 /* Project object */;
}
